// !$*UTF8*$!
{
	archiveVersion = 1;
	classes = {
	};
	objectVersion = 56;
	objects = {

/* Begin PBXBuildFile section */
		550B3B842A78BE8100E6B171 /* linkedin_cloneApp.swift in Sources */ = {isa = PBXBuildFile; fileRef = 550B3B832A78BE8100E6B171 /* linkedin_cloneApp.swift */; };
		550B3B862A78BE8100E6B171 /* ContentView.swift in Sources */ = {isa = PBXBuildFile; fileRef = 550B3B852A78BE8100E6B171 /* ContentView.swift */; };
		550B3B882A78BE8400E6B171 /* Assets.xcassets in Resources */ = {isa = PBXBuildFile; fileRef = 550B3B872A78BE8400E6B171 /* Assets.xcassets */; };
		550B3B8B2A78BE8400E6B171 /* Preview Assets.xcassets in Resources */ = {isa = PBXBuildFile; fileRef = 550B3B8A2A78BE8400E6B171 /* Preview Assets.xcassets */; };
		550B3BA12A78C45000E6B171 /* SeachBarView.swift in Sources */ = {isa = PBXBuildFile; fileRef = 550B3BA02A78C45000E6B171 /* SeachBarView.swift */; };
		550B3BA42A78CB3300E6B171 /* PostModel.swift in Sources */ = {isa = PBXBuildFile; fileRef = 550B3BA32A78CB3300E6B171 /* PostModel.swift */; };
		550B3BA62A78CB3D00E6B171 /* NetworkModel.swift in Sources */ = {isa = PBXBuildFile; fileRef = 550B3BA52A78CB3D00E6B171 /* NetworkModel.swift */; };
		550B3BA82A78CC2B00E6B171 /* InvitationView.swift in Sources */ = {isa = PBXBuildFile; fileRef = 550B3BA72A78CC2B00E6B171 /* InvitationView.swift */; };
		559426DE2A7A1BE700369CB2 /* MyNetworkScreenView.swift in Sources */ = {isa = PBXBuildFile; fileRef = 559426DD2A7A1BE700369CB2 /* MyNetworkScreenView.swift */; };
		559426E02A7A20A200369CB2 /* PostView.swift in Sources */ = {isa = PBXBuildFile; fileRef = 559426DF2A7A20A200369CB2 /* PostView.swift */; };
/* End PBXBuildFile section */

/* Begin PBXFileReference section */
		550B3B802A78BE8100E6B171 /* linkedin-clone.app */ = {isa = PBXFileReference; explicitFileType = wrapper.application; includeInIndex = 0; path = "linkedin-clone.app"; sourceTree = BUILT_PRODUCTS_DIR; };
		550B3B832A78BE8100E6B171 /* linkedin_cloneApp.swift */ = {isa = PBXFileReference; lastKnownFileType = sourcecode.swift; path = linkedin_cloneApp.swift; sourceTree = "<group>"; };
		550B3B852A78BE8100E6B171 /* ContentView.swift */ = {isa = PBXFileReference; lastKnownFileType = sourcecode.swift; path = ContentView.swift; sourceTree = "<group>"; };
		550B3B872A78BE8400E6B171 /* Assets.xcassets */ = {isa = PBXFileReference; lastKnownFileType = folder.assetcatalog; path = Assets.xcassets; sourceTree = "<group>"; };
		550B3B8A2A78BE8400E6B171 /* Preview Assets.xcassets */ = {isa = PBXFileReference; lastKnownFileType = folder.assetcatalog; path = "Preview Assets.xcassets"; sourceTree = "<group>"; };
		550B3BA02A78C45000E6B171 /* SeachBarView.swift */ = {isa = PBXFileReference; lastKnownFileType = sourcecode.swift; path = SeachBarView.swift; sourceTree = "<group>"; };
		550B3BA32A78CB3300E6B171 /* PostModel.swift */ = {isa = PBXFileReference; lastKnownFileType = sourcecode.swift; path = PostModel.swift; sourceTree = "<group>"; };
		550B3BA52A78CB3D00E6B171 /* NetworkModel.swift */ = {isa = PBXFileReference; lastKnownFileType = sourcecode.swift; path = NetworkModel.swift; sourceTree = "<group>"; };
		550B3BA72A78CC2B00E6B171 /* InvitationView.swift */ = {isa = PBXFileReference; lastKnownFileType = sourcecode.swift; path = InvitationView.swift; sourceTree = "<group>"; };
		559426DD2A7A1BE700369CB2 /* MyNetworkScreenView.swift */ = {isa = PBXFileReference; lastKnownFileType = sourcecode.swift; path = MyNetworkScreenView.swift; sourceTree = "<group>"; };
		559426DF2A7A20A200369CB2 /* PostView.swift */ = {isa = PBXFileReference; lastKnownFileType = sourcecode.swift; path = PostView.swift; sourceTree = "<group>"; };
/* End PBXFileReference section */

/* Begin PBXFrameworksBuildPhase section */
		550B3B7D2A78BE8100E6B171 /* Frameworks */ = {
			isa = PBXFrameworksBuildPhase;
			buildActionMask = 2147483647;
			files = (
			);
			runOnlyForDeploymentPostprocessing = 0;
		};
/* End PBXFrameworksBuildPhase section */

/* Begin PBXGroup section */
		550B3B772A78BE8100E6B171 = {
			isa = PBXGroup;
			children = (
				550B3B822A78BE8100E6B171 /* linkedin-clone */,
				550B3B812A78BE8100E6B171 /* Products */,
			);
			sourceTree = "<group>";
		};
		550B3B812A78BE8100E6B171 /* Products */ = {
			isa = PBXGroup;
			children = (
				550B3B802A78BE8100E6B171 /* linkedin-clone.app */,
			);
			name = Products;
			sourceTree = "<group>";
		};
		550B3B822A78BE8100E6B171 /* linkedin-clone */ = {
			isa = PBXGroup;
			children = (
				550B3BA22A78CB2500E6B171 /* Models */,
				550B3B9F2A78C43900E6B171 /* Views */,
				550B3B832A78BE8100E6B171 /* linkedin_cloneApp.swift */,
				550B3B852A78BE8100E6B171 /* ContentView.swift */,
				550B3B872A78BE8400E6B171 /* Assets.xcassets */,
				550B3B892A78BE8400E6B171 /* Preview Content */,
			);
			path = "linkedin-clone";
			sourceTree = "<group>";
		};
		550B3B892A78BE8400E6B171 /* Preview Content */ = {
			isa = PBXGroup;
			children = (
				550B3B8A2A78BE8400E6B171 /* Preview Assets.xcassets */,
			);
			path = "Preview Content";
			sourceTree = "<group>";
		};
		550B3B9F2A78C43900E6B171 /* Views */ = {
			isa = PBXGroup;
			children = (
				550B3BA02A78C45000E6B171 /* SeachBarView.swift */,
				550B3BA72A78CC2B00E6B171 /* InvitationView.swift */,
				559426DD2A7A1BE700369CB2 /* MyNetworkScreenView.swift */,
				559426DF2A7A20A200369CB2 /* PostView.swift */,
			);
			path = Views;
			sourceTree = "<group>";
		};
		550B3BA22A78CB2500E6B171 /* Models */ = {
			isa = PBXGroup;
			children = (
				550B3BA32A78CB3300E6B171 /* PostModel.swift */,
				550B3BA52A78CB3D00E6B171 /* NetworkModel.swift */,
			);
			path = Models;
			sourceTree = "<group>";
		};
/* End PBXGroup section */

/* Begin PBXNativeTarget section */
		550B3B7F2A78BE8100E6B171 /* linkedin-clone */ = {
			isa = PBXNativeTarget;
			buildConfigurationList = 550B3B8E2A78BE8400E6B171 /* Build configuration list for PBXNativeTarget "linkedin-clone" */;
			buildPhases = (
				550B3B7C2A78BE8100E6B171 /* Sources */,
				550B3B7D2A78BE8100E6B171 /* Frameworks */,
				550B3B7E2A78BE8100E6B171 /* Resources */,
			);
			buildRules = (
			);
			dependencies = (
			);
			name = "linkedin-clone";
			productName = "linkedin-clone";
			productReference = 550B3B802A78BE8100E6B171 /* linkedin-clone.app */;
			productType = "com.apple.product-type.application";
		};
/* End PBXNativeTarget section */

/* Begin PBXProject section */
		550B3B782A78BE8100E6B171 /* Project object */ = {
			isa = PBXProject;
			attributes = {
				BuildIndependentTargetsInParallel = 1;
				LastSwiftUpdateCheck = 1500;
				LastUpgradeCheck = 1500;
				TargetAttributes = {
					550B3B7F2A78BE8100E6B171 = {
						CreatedOnToolsVersion = 15.0;
					};
				};
			};
			buildConfigurationList = 550B3B7B2A78BE8100E6B171 /* Build configuration list for PBXProject "linkedin-clone" */;
			compatibilityVersion = "Xcode 14.0";
			developmentRegion = en;
			hasScannedForEncodings = 0;
			knownRegions = (
				en,
				Base,
			);
			mainGroup = 550B3B772A78BE8100E6B171;
			productRefGroup = 550B3B812A78BE8100E6B171 /* Products */;
			projectDirPath = "";
			projectRoot = "";
			targets = (
				550B3B7F2A78BE8100E6B171 /* linkedin-clone */,
			);
		};
/* End PBXProject section */

/* Begin PBXResourcesBuildPhase section */
		550B3B7E2A78BE8100E6B171 /* Resources */ = {
			isa = PBXResourcesBuildPhase;
			buildActionMask = 2147483647;
			files = (
				550B3B8B2A78BE8400E6B171 /* Preview Assets.xcassets in Resources */,
				550B3B882A78BE8400E6B171 /* Assets.xcassets in Resources */,
			);
			runOnlyForDeploymentPostprocessing = 0;
		};
/* End PBXResourcesBuildPhase section */

/* Begin PBXSourcesBuildPhase section */
		550B3B7C2A78BE8100E6B171 /* Sources */ = {
			isa = PBXSourcesBuildPhase;
			buildActionMask = 2147483647;
			files = (
				550B3BA12A78C45000E6B171 /* SeachBarView.swift in Sources */,
				550B3BA42A78CB3300E6B171 /* PostModel.swift in Sources */,
				559426E02A7A20A200369CB2 /* PostView.swift in Sources */,
				550B3B862A78BE8100E6B171 /* ContentView.swift in Sources */,
				550B3BA62A78CB3D00E6B171 /* NetworkModel.swift in Sources */,
				559426DE2A7A1BE700369CB2 /* MyNetworkScreenView.swift in Sources */,
				550B3B842A78BE8100E6B171 /* linkedin_cloneApp.swift in Sources */,
				550B3BA82A78CC2B00E6B171 /* InvitationView.swift in Sources */,
			);
			runOnlyForDeploymentPostprocessing = 0;
		};
/* End PBXSourcesBuildPhase section */

/* Begin XCBuildConfiguration section */
		550B3B8C2A78BE8400E6B171 /* Debug */ = {
			isa = XCBuildConfiguration;
			buildSettings = {
				ALWAYS_SEARCH_USER_PATHS = NO;
				ASSETCATALOG_COMPILER_GENERATE_SWIFT_ASSET_SYMBOL_EXTENSIONS = YES;
				CLANG_ANALYZER_NONNULL = YES;
				CLANG_ANALYZER_NUMBER_OBJECT_CONVERSION = YES_AGGRESSIVE;
				CLANG_CXX_LANGUAGE_STANDARD = "gnu++20";
				CLANG_ENABLE_MODULES = YES;
				CLANG_ENABLE_OBJC_ARC = YES;
				CLANG_ENABLE_OBJC_WEAK = YES;
				CLANG_WARN_BLOCK_CAPTURE_AUTORELEASING = YES;
				CLANG_WARN_BOOL_CONVERSION = YES;
				CLANG_WARN_COMMA = YES;
				CLANG_WARN_CONSTANT_CONVERSION = YES;
				CLANG_WARN_DEPRECATED_OBJC_IMPLEMENTATIONS = YES;
				CLANG_WARN_DIRECT_OBJC_ISA_USAGE = YES_ERROR;
				CLANG_WARN_DOCUMENTATION_COMMENTS = YES;
				CLANG_WARN_EMPTY_BODY = YES;
				CLANG_WARN_ENUM_CONVERSION = YES;
				CLANG_WARN_INFINITE_RECURSION = YES;
				CLANG_WARN_INT_CONVERSION = YES;
				CLANG_WARN_NON_LITERAL_NULL_CONVERSION = YES;
				CLANG_WARN_OBJC_IMPLICIT_RETAIN_SELF = YES;
				CLANG_WARN_OBJC_LITERAL_CONVERSION = YES;
				CLANG_WARN_OBJC_ROOT_CLASS = YES_ERROR;
				CLANG_WARN_QUOTED_INCLUDE_IN_FRAMEWORK_HEADER = YES;
				CLANG_WARN_RANGE_LOOP_ANALYSIS = YES;
				CLANG_WARN_STRICT_PROTOTYPES = YES;
				CLANG_WARN_SUSPICIOUS_MOVE = YES;
				CLANG_WARN_UNGUARDED_AVAILABILITY = YES_AGGRESSIVE;
				CLANG_WARN_UNREACHABLE_CODE = YES;
				CLANG_WARN__DUPLICATE_METHOD_MATCH = YES;
				COPY_PHASE_STRIP = NO;
				DEBUG_INFORMATION_FORMAT = dwarf;
				ENABLE_STRICT_OBJC_MSGSEND = YES;
				ENABLE_TESTABILITY = YES;
				ENABLE_USER_SCRIPT_SANDBOXING = YES;
				GCC_C_LANGUAGE_STANDARD = gnu17;
				GCC_DYNAMIC_NO_PIC = NO;
				GCC_NO_COMMON_BLOCKS = YES;
				GCC_OPTIMIZATION_LEVEL = 0;
				GCC_PREPROCESSOR_DEFINITIONS = (
					"DEBUG=1",
					"$(inherited)",
				);
				GCC_WARN_64_TO_32_BIT_CONVERSION = YES;
				GCC_WARN_ABOUT_RETURN_TYPE = YES_ERROR;
				GCC_WARN_UNDECLARED_SELECTOR = YES;
				GCC_WARN_UNINITIALIZED_AUTOS = YES_AGGRESSIVE;
				GCC_WARN_UNUSED_FUNCTION = YES;
				GCC_WARN_UNUSED_VARIABLE = YES;
				IPHONEOS_DEPLOYMENT_TARGET = 17.0;
				LOCALIZATION_PREFERS_STRING_CATALOGS = YES;
				MTL_ENABLE_DEBUG_INFO = INCLUDE_SOURCE;
				MTL_FAST_MATH = YES;
				ONLY_ACTIVE_ARCH = YES;
				SDKROOT = iphoneos;
				SWIFT_ACTIVE_COMPILATION_CONDITIONS = "DEBUG $(inherited)";
				SWIFT_OPTIMIZATION_LEVEL = "-Onone";
			};
			name = Debug;
		};
		550B3B8D2A78BE8400E6B171 /* Release */ = {
			isa = XCBuildConfiguration;
			buildSettings = {
				ALWAYS_SEARCH_USER_PATHS = NO;
				ASSETCATALOG_COMPILER_GENERATE_SWIFT_ASSET_SYMBOL_EXTENSIONS = YES;
				CLANG_ANALYZER_NONNULL = YES;
				CLANG_ANALYZER_NUMBER_OBJECT_CONVERSION = YES_AGGRESSIVE;
				CLANG_CXX_LANGUAGE_STANDARD = "gnu++20";
				CLANG_ENABLE_MODULES = YES;
				CLANG_ENABLE_OBJC_ARC = YES;
				CLANG_ENABLE_OBJC_WEAK = YES;
				CLANG_WARN_BLOCK_CAPTURE_AUTORELEASING = YES;
				CLANG_WARN_BOOL_CONVERSION = YES;
				CLANG_WARN_COMMA = YES;
				CLANG_WARN_CONSTANT_CONVERSION = YES;
				CLANG_WARN_DEPRECATED_OBJC_IMPLEMENTATIONS = YES;
				CLANG_WARN_DIRECT_OBJC_ISA_USAGE = YES_ERROR;
				CLANG_WARN_DOCUMENTATION_COMMENTS = YES;
				CLANG_WARN_EMPTY_BODY = YES;
				CLANG_WARN_ENUM_CONVERSION = YES;
				CLANG_WARN_INFINITE_RECURSION = YES;
				CLANG_WARN_INT_CONVERSION = YES;
				CLANG_WARN_NON_LITERAL_NULL_CONVERSION = YES;
				CLANG_WARN_OBJC_IMPLICIT_RETAIN_SELF = YES;
				CLANG_WARN_OBJC_LITERAL_CONVERSION = YES;
				CLANG_WARN_OBJC_ROOT_CLASS = YES_ERROR;
				CLANG_WARN_QUOTED_INCLUDE_IN_FRAMEWORK_HEADER = YES;
				CLANG_WARN_RANGE_LOOP_ANALYSIS = YES;
				CLANG_WARN_STRICT_PROTOTYPES = YES;
				CLANG_WARN_SUSPICIOUS_MOVE = YES;
				CLANG_WARN_UNGUARDED_AVAILABILITY = YES_AGGRESSIVE;
				CLANG_WARN_UNREACHABLE_CODE = YES;
				CLANG_WARN__DUPLICATE_METHOD_MATCH = YES;
				COPY_PHASE_STRIP = NO;
				DEBUG_INFORMATION_FORMAT = "dwarf-with-dsym";
				ENABLE_NS_ASSERTIONS = NO;
				ENABLE_STRICT_OBJC_MSGSEND = YES;
				ENABLE_USER_SCRIPT_SANDBOXING = YES;
				GCC_C_LANGUAGE_STANDARD = gnu17;
				GCC_NO_COMMON_BLOCKS = YES;
				GCC_WARN_64_TO_32_BIT_CONVERSION = YES;
				GCC_WARN_ABOUT_RETURN_TYPE = YES_ERROR;
				GCC_WARN_UNDECLARED_SELECTOR = YES;
				GCC_WARN_UNINITIALIZED_AUTOS = YES_AGGRESSIVE;
				GCC_WARN_UNUSED_FUNCTION = YES;
				GCC_WARN_UNUSED_VARIABLE = YES;
				IPHONEOS_DEPLOYMENT_TARGET = 17.0;
				LOCALIZATION_PREFERS_STRING_CATALOGS = YES;
				MTL_ENABLE_DEBUG_INFO = NO;
				MTL_FAST_MATH = YES;
				SDKROOT = iphoneos;
				SWIFT_COMPILATION_MODE = wholemodule;
				VALIDATE_PRODUCT = YES;
			};
			name = Release;
		};
		550B3B8F2A78BE8400E6B171 /* Debug */ = {
			isa = XCBuildConfiguration;
			buildSettings = {
				ASSETCATALOG_COMPILER_APPICON_NAME = AppIcon;
				ASSETCATALOG_COMPILER_GLOBAL_ACCENT_COLOR_NAME = AccentColor;
				CODE_SIGN_STYLE = Automatic;
				CURRENT_PROJECT_VERSION = 1;
				DEVELOPMENT_ASSET_PATHS = "\"linkedin-clone/Preview Content\"";
				DEVELOPMENT_TEAM = XP526KACV7;
				ENABLE_PREVIEWS = YES;
				GENERATE_INFOPLIST_FILE = YES;
				INFOPLIST_KEY_UIApplicationSceneManifest_Generation = YES;
				INFOPLIST_KEY_UIApplicationSupportsIndirectInputEvents = YES;
				INFOPLIST_KEY_UILaunchScreen_Generation = YES;
				INFOPLIST_KEY_UISupportedInterfaceOrientations_iPad = "UIInterfaceOrientationPortrait UIInterfaceOrientationPortraitUpsideDown UIInterfaceOrientationLandscapeLeft UIInterfaceOrientationLandscapeRight";
				INFOPLIST_KEY_UISupportedInterfaceOrientations_iPhone = "UIInterfaceOrientationPortrait UIInterfaceOrientationLandscapeLeft UIInterfaceOrientationLandscapeRight";
				LD_RUNPATH_SEARCH_PATHS = (
					"$(inherited)",
					"@executable_path/Frameworks",
				);
				MARKETING_VERSION = 1.0;
				PRODUCT_BUNDLE_IDENTIFIER = "xc.linkedin-clone";
				PRODUCT_NAME = "$(TARGET_NAME)";
				SWIFT_EMIT_LOC_STRINGS = YES;
				SWIFT_VERSION = 5.0;
				TARGETED_DEVICE_FAMILY = "1,2";
			};
			name = Debug;
		};
		550B3B902A78BE8400E6B171 /* Release */ = {
			isa = XCBuildConfiguration;
			buildSettings = {
				ASSETCATALOG_COMPILER_APPICON_NAME = AppIcon;
				ASSETCATALOG_COMPILER_GLOBAL_ACCENT_COLOR_NAME = AccentColor;
				CODE_SIGN_STYLE = Automatic;
				CURRENT_PROJECT_VERSION = 1;
				DEVELOPMENT_ASSET_PATHS = "\"linkedin-clone/Preview Content\"";
				DEVELOPMENT_TEAM = XP526KACV7;
				ENABLE_PREVIEWS = YES;
				GENERATE_INFOPLIST_FILE = YES;
				INFOPLIST_KEY_UIApplicationSceneManifest_Generation = YES;
				INFOPLIST_KEY_UIApplicationSupportsIndirectInputEvents = YES;
				INFOPLIST_KEY_UILaunchScreen_Generation = YES;
				INFOPLIST_KEY_UISupportedInterfaceOrientations_iPad = "UIInterfaceOrientationPortrait UIInterfaceOrientationPortraitUpsideDown UIInterfaceOrientationLandscapeLeft UIInterfaceOrientationLandscapeRight";
				INFOPLIST_KEY_UISupportedInterfaceOrientations_iPhone = "UIInterfaceOrientationPortrait UIInterfaceOrientationLandscapeLeft UIInterfaceOrientationLandscapeRight";
				LD_RUNPATH_SEARCH_PATHS = (
					"$(inherited)",
					"@executable_path/Frameworks",
				);
				MARKETING_VERSION = 1.0;
				PRODUCT_BUNDLE_IDENTIFIER = "xc.linkedin-clone";
				PRODUCT_NAME = "$(TARGET_NAME)";
				SWIFT_EMIT_LOC_STRINGS = YES;
				SWIFT_VERSION = 5.0;
				TARGETED_DEVICE_FAMILY = "1,2";
			};
			name = Release;
		};
/* End XCBuildConfiguration section */

/* Begin XCConfigurationList section */
		550B3B7B2A78BE8100E6B171 /* Build configuration list for PBXProject "linkedin-clone" */ = {
			isa = XCConfigurationList;
			buildConfigurations = (
				550B3B8C2A78BE8400E6B171 /* Debug */,
				550B3B8D2A78BE8400E6B171 /* Release */,
			);
			defaultConfigurationIsVisible = 0;
			defaultConfigurationName = Release;
		};
		550B3B8E2A78BE8400E6B171 /* Build configuration list for PBXNativeTarget "linkedin-clone" */ = {
			isa = XCConfigurationList;
			buildConfigurations = (
				550B3B8F2A78BE8400E6B171 /* Debug */,
				550B3B902A78BE8400E6B171 /* Release */,
			);
			defaultConfigurationIsVisible = 0;
			defaultConfigurationName = Release;
		};
/* End XCConfigurationList section */
	};
	rootObject = 550B3B782A78BE8100E6B171 /* Project object */;
}
